// !$*UTF8*$!
{
	archiveVersion = 1;
	classes = {
	};
	objectVersion = 46;
	objects = {

/* Begin PBXBuildFile section */
		FC25F6801492E9EB003A3B78 /* builtin.c in Sources */ = {isa = PBXBuildFile; fileRef = FC25F67E1492E9EB003A3B78 /* builtin.c */; };
		FC25F6841492E9F7003A3B78 /* commands.c in Sources */ = {isa = PBXBuildFile; fileRef = FC25F6821492E9F7003A3B78 /* commands.c */; };
		FC8BD166166EBC1200CDF6C7 /* kill.c in Sources */ = {isa = PBXBuildFile; fileRef = FC8BD164166EBC1200CDF6C7 /* kill.c */; };
		FCBD1A41149298F9003A7EDF /* main.c in Sources */ = {isa = PBXBuildFile; fileRef = FCBD1A40149298F9003A7EDF /* main.c */; };
		FCFB8509166BEA0800E9A44B /* ps.c in Sources */ = {isa = PBXBuildFile; fileRef = FCFB8507166BEA0800E9A44B /* ps.c */; };
/* End PBXBuildFile section */

/* Begin PBXCopyFilesBuildPhase section */
		FCBD1A3A149298F9003A7EDF /* CopyFiles */ = {
			isa = PBXCopyFilesBuildPhase;
			buildActionMask = 2147483647;
			dstPath = /usr/share/man/man1/;
			dstSubfolderSpec = 0;
			files = (
			);
			runOnlyForDeploymentPostprocessing = 1;
		};
/* End PBXCopyFilesBuildPhase section */

/* Begin PBXFileReference section */
		FC25F67E1492E9EB003A3B78 /* builtin.c */ = {isa = PBXFileReference; fileEncoding = 4; lastKnownFileType = sourcecode.c.c; path = builtin.c; sourceTree = "<group>"; };
		FC25F67F1492E9EB003A3B78 /* builtin.h */ = {isa = PBXFileReference; fileEncoding = 4; lastKnownFileType = sourcecode.c.h; path = builtin.h; sourceTree = "<group>"; };
		FC25F6821492E9F7003A3B78 /* commands.c */ = {isa = PBXFileReference; fileEncoding = 4; lastKnownFileType = sourcecode.c.c; path = commands.c; sourceTree = "<group>"; };
		FC25F6831492E9F7003A3B78 /* commands.h */ = {isa = PBXFileReference; fileEncoding = 4; lastKnownFileType = sourcecode.c.h; path = commands.h; sourceTree = "<group>"; };
		FC8BD164166EBC1200CDF6C7 /* kill.c */ = {isa = PBXFileReference; fileEncoding = 4; lastKnownFileType = sourcecode.c.c; path = kill.c; sourceTree = "<group>"; };
		FC8BD165166EBC1200CDF6C7 /* kill.h */ = {isa = PBXFileReference; fileEncoding = 4; lastKnownFileType = sourcecode.c.h; path = kill.h; sourceTree = "<group>"; };
		FCBD1A3C149298F9003A7EDF /* MyShell */ = {isa = PBXFileReference; explicitFileType = "compiled.mach-o.executable"; includeInIndex = 0; path = MyShell; sourceTree = BUILT_PRODUCTS_DIR; };
		FCBD1A40149298F9003A7EDF /* main.c */ = {isa = PBXFileReference; lastKnownFileType = sourcecode.c.c; path = main.c; sourceTree = "<group>"; };
		FCBD1A42149298F9003A7EDF /* MyShell.1 */ = {isa = PBXFileReference; lastKnownFileType = text.man; path = MyShell.1; sourceTree = "<group>"; };
		FCFB8507166BEA0800E9A44B /* ps.c */ = {isa = PBXFileReference; fileEncoding = 4; lastKnownFileType = sourcecode.c.c; path = ps.c; sourceTree = "<group>"; };
		FCFB8508166BEA0800E9A44B /* ps.h */ = {isa = PBXFileReference; fileEncoding = 4; lastKnownFileType = sourcecode.c.h; path = ps.h; sourceTree = "<group>"; };
/* End PBXFileReference section */

/* Begin PBXFrameworksBuildPhase section */
		FCBD1A39149298F9003A7EDF /* Frameworks */ = {
			isa = PBXFrameworksBuildPhase;
			buildActionMask = 2147483647;
			files = (
			);
			runOnlyForDeploymentPostprocessing = 0;
		};
/* End PBXFrameworksBuildPhase section */

/* Begin PBXGroup section */
		FCBD1A31149298F9003A7EDF = {
			isa = PBXGroup;
			children = (
				FCBD1A3F149298F9003A7EDF /* MyShell */,
				FCBD1A3D149298F9003A7EDF /* Products */,
			);
			sourceTree = "<group>";
		};
		FCBD1A3D149298F9003A7EDF /* Products */ = {
			isa = PBXGroup;
			children = (
				FCBD1A3C149298F9003A7EDF /* MyShell */,
			);
			name = Products;
			sourceTree = "<group>";
		};
		FCBD1A3F149298F9003A7EDF /* MyShell */ = {
			isa = PBXGroup;
			children = (
				FCBD1A40149298F9003A7EDF /* main.c */,
				FCBD1A42149298F9003A7EDF /* MyShell.1 */,
				FC25F67F1492E9EB003A3B78 /* builtin.h */,
				FC25F67E1492E9EB003A3B78 /* builtin.c */,
				FC25F6831492E9F7003A3B78 /* commands.h */,
				FC25F6821492E9F7003A3B78 /* commands.c */,
				FCFB8507166BEA0800E9A44B /* ps.c */,
				FCFB8508166BEA0800E9A44B /* ps.h */,
				FC8BD164166EBC1200CDF6C7 /* kill.c */,
				FC8BD165166EBC1200CDF6C7 /* kill.h */,
			);
			path = MyShell;
			sourceTree = "<group>";
		};
/* End PBXGroup section */

/* Begin PBXNativeTarget section */
		FCBD1A3B149298F9003A7EDF /* MyShell */ = {
			isa = PBXNativeTarget;
			buildConfigurationList = FCBD1A45149298F9003A7EDF /* Build configuration list for PBXNativeTarget "MyShell" */;
			buildPhases = (
				FCBD1A38149298F9003A7EDF /* Sources */,
				FCBD1A39149298F9003A7EDF /* Frameworks */,
				FCBD1A3A149298F9003A7EDF /* CopyFiles */,
			);
			buildRules = (
			);
			dependencies = (
			);
			name = MyShell;
			productName = MyShell;
			productReference = FCBD1A3C149298F9003A7EDF /* MyShell */;
			productType = "com.apple.product-type.tool";
		};
/* End PBXNativeTarget section */

/* Begin PBXProject section */
		FCBD1A33149298F9003A7EDF /* Project object */ = {
			isa = PBXProject;
			attributes = {
				ORGANIZATIONNAME = "xD-Duncesoft";
			};
			buildConfigurationList = FCBD1A36149298F9003A7EDF /* Build configuration list for PBXProject "MyShell" */;
			compatibilityVersion = "Xcode 3.2";
			developmentRegion = English;
			hasScannedForEncodings = 0;
			knownRegions = (
				en,
			);
			mainGroup = FCBD1A31149298F9003A7EDF;
			productRefGroup = FCBD1A3D149298F9003A7EDF /* Products */;
			projectDirPath = "";
			projectRoot = "";
			targets = (
				FCBD1A3B149298F9003A7EDF /* MyShell */,
			);
		};
/* End PBXProject section */

/* Begin PBXSourcesBuildPhase section */
		FCBD1A38149298F9003A7EDF /* Sources */ = {
			isa = PBXSourcesBuildPhase;
			buildActionMask = 2147483647;
			files = (
				FCBD1A41149298F9003A7EDF /* main.c in Sources */,
				FC25F6801492E9EB003A3B78 /* builtin.c in Sources */,
				FC25F6841492E9F7003A3B78 /* commands.c in Sources */,
				FCFB8509166BEA0800E9A44B /* ps.c in Sources */,
				FC8BD166166EBC1200CDF6C7 /* kill.c in Sources */,
			);
			runOnlyForDeploymentPostprocessing = 0;
		};
/* End PBXSourcesBuildPhase section */

/* Begin XCBuildConfiguration section */
		FCBD1A43149298F9003A7EDF /* Debug */ = {
			isa = XCBuildConfiguration;
			buildSettings = {
				ARCHS = "$(ARCHS_STANDARD_32_64_BIT)";
				GCC_C_LANGUAGE_STANDARD = gnu99;
				GCC_OPTIMIZATION_LEVEL = 0;
				GCC_PREPROCESSOR_DEFINITIONS = DEBUG;
				GCC_SYMBOLS_PRIVATE_EXTERN = NO;
				GCC_VERSION = com.apple.compilers.llvm.clang.1_0;
				GCC_WARN_64_TO_32_BIT_CONVERSION = YES;
				GCC_WARN_ABOUT_RETURN_TYPE = YES;
				GCC_WARN_UNUSED_VARIABLE = YES;
				MACOSX_DEPLOYMENT_TARGET = 10.6;
				ONLY_ACTIVE_ARCH = YES;
				SDKROOT = macosx;
			};
			name = Debug;
		};
		FCBD1A44149298F9003A7EDF /* Release */ = {
			isa = XCBuildConfiguration;
			buildSettings = {
				ARCHS = "$(ARCHS_STANDARD_32_64_BIT)";
				GCC_C_LANGUAGE_STANDARD = gnu99;
				GCC_VERSION = com.apple.compilers.llvm.clang.1_0;
				GCC_WARN_64_TO_32_BIT_CONVERSION = YES;
				GCC_WARN_ABOUT_RETURN_TYPE = YES;
				GCC_WARN_UNUSED_VARIABLE = YES;
				MACOSX_DEPLOYMENT_TARGET = 10.6;
				SDKROOT = macosx;
			};
			name = Release;
		};
		FCBD1A46149298F9003A7EDF /* Debug */ = {
			isa = XCBuildConfiguration;
			buildSettings = {
				ALWAYS_SEARCH_USER_PATHS = NO;
				COPY_PHASE_STRIP = NO;
				GCC_DYNAMIC_NO_PIC = NO;
				GCC_ENABLE_OBJC_EXCEPTIONS = YES;
				PRODUCT_NAME = "$(TARGET_NAME)";
			};
			name = Debug;
		};
		FCBD1A47149298F9003A7EDF /* Release */ = {
			isa = XCBuildConfiguration;
			buildSettings = {
				ALWAYS_SEARCH_USER_PATHS = NO;
				COPY_PHASE_STRIP = YES;
				DEBUG_INFORMATION_FORMAT = "dwarf-with-dsym";
				GCC_ENABLE_OBJC_EXCEPTIONS = YES;
				PRODUCT_NAME = "$(TARGET_NAME)";
			};
			name = Release;
		};
/* End XCBuildConfiguration section */

/* Begin XCConfigurationList section */
		FCBD1A36149298F9003A7EDF /* Build configuration list for PBXProject "MyShell" */ = {
			isa = XCConfigurationList;
			buildConfigurations = (
				FCBD1A43149298F9003A7EDF /* Debug */,
				FCBD1A44149298F9003A7EDF /* Release */,
			);
			defaultConfigurationIsVisible = 0;
			defaultConfigurationName = Release;
		};
		FCBD1A45149298F9003A7EDF /* Build configuration list for PBXNativeTarget "MyShell" */ = {
			isa = XCConfigurationList;
			buildConfigurations = (
				FCBD1A46149298F9003A7EDF /* Debug */,
				FCBD1A47149298F9003A7EDF /* Release */,
			);
			defaultConfigurationIsVisible = 0;
			defaultConfigurationName = Release;
		};
/* End XCConfigurationList section */
	};
	rootObject = FCBD1A33149298F9003A7EDF /* Project object */;
}
